// !$*UTF8*$!
{
	archiveVersion = 1;
	classes = {
	};
	objectVersion = 56;
	objects = {

/* Begin PBXBuildFile section */
		2EDD724925FE255FB64B52A2 /* Pods_TodolistTests.framework in Frameworks */ = {isa = PBXBuildFile; fileRef = 5E17088236E725D9764BEAD9 /* Pods_TodolistTests.framework */; };
		3A7AE55641D7E03CABDD8074 /* Pods_Todolist_TodolistUITests.framework in Frameworks */ = {isa = PBXBuildFile; fileRef = 852C55771201E7CF8A74A80D /* Pods_Todolist_TodolistUITests.framework */; };
		4E012759299D4326F49148C1 /* Pods_Todolist.framework in Frameworks */ = {isa = PBXBuildFile; fileRef = C4C024C77B56A62C568069FA /* Pods_Todolist.framework */; };
		5B0E20FC2B91CEE500CD2631 /* AppDelegate.swift in Sources */ = {isa = PBXBuildFile; fileRef = 5B0E20FB2B91CEE500CD2631 /* AppDelegate.swift */; };
		5B0E20FE2B91CEE500CD2631 /* SceneDelegate.swift in Sources */ = {isa = PBXBuildFile; fileRef = 5B0E20FD2B91CEE500CD2631 /* SceneDelegate.swift */; };
		5B0E21032B91CEE500CD2631 /* Main.storyboard in Resources */ = {isa = PBXBuildFile; fileRef = 5B0E21012B91CEE500CD2631 /* Main.storyboard */; };
		5B0E21062B91CEE500CD2631 /* Todolist.xcdatamodeld in Sources */ = {isa = PBXBuildFile; fileRef = 5B0E21042B91CEE500CD2631 /* Todolist.xcdatamodeld */; };
		5B0E21082B91CEE800CD2631 /* Assets.xcassets in Resources */ = {isa = PBXBuildFile; fileRef = 5B0E21072B91CEE800CD2631 /* Assets.xcassets */; };
		5B0E210B2B91CEE800CD2631 /* LaunchScreen.storyboard in Resources */ = {isa = PBXBuildFile; fileRef = 5B0E21092B91CEE800CD2631 /* LaunchScreen.storyboard */; };
		5B0E21162B91CEE900CD2631 /* TodolistTests.swift in Sources */ = {isa = PBXBuildFile; fileRef = 5B0E21152B91CEE900CD2631 /* TodolistTests.swift */; };
		5B0E21202B91CEE900CD2631 /* TodolistUITests.swift in Sources */ = {isa = PBXBuildFile; fileRef = 5B0E211F2B91CEE900CD2631 /* TodolistUITests.swift */; };
		5B0E21222B91CEE900CD2631 /* TodolistUITestsLaunchTests.swift in Sources */ = {isa = PBXBuildFile; fileRef = 5B0E21212B91CEE900CD2631 /* TodolistUITestsLaunchTests.swift */; };
		5B0E213D2B91E00E00CD2631 /* Helper.swift in Sources */ = {isa = PBXBuildFile; fileRef = 5B0E213C2B91E00E00CD2631 /* Helper.swift */; };
		5B0E21422B91E9EB00CD2631 /* OnboadindimgCell.swift in Sources */ = {isa = PBXBuildFile; fileRef = 5B0E21402B91E9EB00CD2631 /* OnboadindimgCell.swift */; };
		5B0E21432B91E9EB00CD2631 /* OnboadindimgCell.xib in Resources */ = {isa = PBXBuildFile; fileRef = 5B0E21412B91E9EB00CD2631 /* OnboadindimgCell.xib */; };
		5B0E21452B91EBE000CD2631 /* SplashScreenVC.swift in Sources */ = {isa = PBXBuildFile; fileRef = 5B0E21442B91EBE000CD2631 /* SplashScreenVC.swift */; };
		5B0E21472B91EC2800CD2631 /* OnboadingVC.swift in Sources */ = {isa = PBXBuildFile; fileRef = 5B0E21462B91EC2700CD2631 /* OnboadingVC.swift */; };
		5B0E21492B91ED3500CD2631 /* Model.swift in Sources */ = {isa = PBXBuildFile; fileRef = 5B0E21482B91ED3500CD2631 /* Model.swift */; };
		5B168BC12BA04F6E00C0DF0A /* SettingVC.swift in Sources */ = {isa = PBXBuildFile; fileRef = 5B168BC02BA04F6E00C0DF0A /* SettingVC.swift */; };
		5B1E41512B99987E00785D67 /* Tabbar.swift in Sources */ = {isa = PBXBuildFile; fileRef = 5B1E41502B99987E00785D67 /* Tabbar.swift */; };
		5B859FE42B9F360700AB394D /* CompletedTaskVC.swift in Sources */ = {isa = PBXBuildFile; fileRef = 5B859FE32B9F360700AB394D /* CompletedTaskVC.swift */; };
		5B8A3B7F2B98764F00B971A7 /* Color.xcassets in Resources */ = {isa = PBXBuildFile; fileRef = 5B8A3B7E2B98764F00B971A7 /* Color.xcassets */; };
		5B8A3B812B9876BC00B971A7 /* Login.storyboard in Resources */ = {isa = PBXBuildFile; fileRef = 5B8A3B802B9876BC00B971A7 /* Login.storyboard */; };
		5B8A3BBF2B9993F000B971A7 /* LoginVC.swift in Sources */ = {isa = PBXBuildFile; fileRef = 5B8A3BBE2B9993F000B971A7 /* LoginVC.swift */; };
		5B8A3BC12B99941E00B971A7 /* RegisterVC.swift in Sources */ = {isa = PBXBuildFile; fileRef = 5B8A3BC02B99941E00B971A7 /* RegisterVC.swift */; };
		5B8A3BC32B99944200B971A7 /* Tabbar.storyboard in Resources */ = {isa = PBXBuildFile; fileRef = 5B8A3BC22B99944200B971A7 /* Tabbar.storyboard */; };
		5B8A3BC52B99945400B971A7 /* HomeVC.swift in Sources */ = {isa = PBXBuildFile; fileRef = 5B8A3BC42B99945400B971A7 /* HomeVC.swift */; };
		5BAA3BCA2B9AEB1D0078A4DD /* HomeTaskCell.swift in Sources */ = {isa = PBXBuildFile; fileRef = 5BAA3BC82B9AEB1D0078A4DD /* HomeTaskCell.swift */; };
		5BAA3BCB2B9AEB1D0078A4DD /* HomeTaskCell.xib in Resources */ = {isa = PBXBuildFile; fileRef = 5BAA3BC92B9AEB1D0078A4DD /* HomeTaskCell.xib */; };
		5BAA3BCD2B9AFB0D0078A4DD /* TodolistDataModel.swift in Sources */ = {isa = PBXBuildFile; fileRef = 5BAA3BCC2B9AFB0C0078A4DD /* TodolistDataModel.swift */; };
		5BBD14402B9E3171000A61D4 /* extection.swift in Sources */ = {isa = PBXBuildFile; fileRef = 5BBD143F2B9E3171000A61D4 /* extection.swift */; };
		5BC83F782B9A47C300761166 /* DatePickerpopUp.swift in Sources */ = {isa = PBXBuildFile; fileRef = 5BC83F772B9A47C300761166 /* DatePickerpopUp.swift */; };
		5BC83F7A2B9ACEFA00761166 /* TimepickerPopup.swift in Sources */ = {isa = PBXBuildFile; fileRef = 5BC83F792B9ACEFA00761166 /* TimepickerPopup.swift */; };
		5BCAE99B2B99B2D100D5CEB0 /* AddTaskPopup.swift in Sources */ = {isa = PBXBuildFile; fileRef = 5BCAE99A2B99B2D100D5CEB0 /* AddTaskPopup.swift */; };
		5BCAE99F2B9A3A2C00D5CEB0 /* WelcomeVC.swift in Sources */ = {isa = PBXBuildFile; fileRef = 5BCAE99E2B9A3A2C00D5CEB0 /* WelcomeVC.swift */; };
		5BCFCD722B9ED18F00D96197 /* TaskEditVC.swift in Sources */ = {isa = PBXBuildFile; fileRef = 5BCFCD712B9ED18F00D96197 /* TaskEditVC.swift */; };
		5BD35FC92B9AE6C60075F376 /* ChooseCategory.swift in Sources */ = {isa = PBXBuildFile; fileRef = 5BD35FC82B9AE6C60075F376 /* ChooseCategory.swift */; };
		5BD503E92B9ED67C0079DB32 /* EditTask.storyboard in Resources */ = {isa = PBXBuildFile; fileRef = 5BD503E82B9ED67C0079DB32 /* EditTask.storyboard */; };
		5BD503EB2B9EE07C0079DB32 /* TaskedittitleVC.swift in Sources */ = {isa = PBXBuildFile; fileRef = 5BD503EA2B9EE07C0079DB32 /* TaskedittitleVC.swift */; };
/* End PBXBuildFile section */

/* Begin PBXContainerItemProxy section */
		5B0E21122B91CEE800CD2631 /* PBXContainerItemProxy */ = {
			isa = PBXContainerItemProxy;
			containerPortal = 5B0E20F02B91CEE500CD2631 /* Project object */;
			proxyType = 1;
			remoteGlobalIDString = 5B0E20F72B91CEE500CD2631;
			remoteInfo = Todolist;
		};
		5B0E211C2B91CEE900CD2631 /* PBXContainerItemProxy */ = {
			isa = PBXContainerItemProxy;
			containerPortal = 5B0E20F02B91CEE500CD2631 /* Project object */;
			proxyType = 1;
			remoteGlobalIDString = 5B0E20F72B91CEE500CD2631;
			remoteInfo = Todolist;
		};
/* End PBXContainerItemProxy section */

/* Begin PBXFileReference section */
		033BD712F32D5197D27A8299 /* Pods-Todolist.release.xcconfig */ = {isa = PBXFileReference; includeInIndex = 1; lastKnownFileType = text.xcconfig; name = "Pods-Todolist.release.xcconfig"; path = "Target Support Files/Pods-Todolist/Pods-Todolist.release.xcconfig"; sourceTree = "<group>"; };
		158AA5D55E193DCB5417109F /* Pods-TodolistTests.debug.xcconfig */ = {isa = PBXFileReference; includeInIndex = 1; lastKnownFileType = text.xcconfig; name = "Pods-TodolistTests.debug.xcconfig"; path = "Target Support Files/Pods-TodolistTests/Pods-TodolistTests.debug.xcconfig"; sourceTree = "<group>"; };
		2BA1E077A08B413370196993 /* Pods-Todolist-TodolistUITests.release.xcconfig */ = {isa = PBXFileReference; includeInIndex = 1; lastKnownFileType = text.xcconfig; name = "Pods-Todolist-TodolistUITests.release.xcconfig"; path = "Target Support Files/Pods-Todolist-TodolistUITests/Pods-Todolist-TodolistUITests.release.xcconfig"; sourceTree = "<group>"; };
		3178ED71BF1936A111B84118 /* Pods-Todolist.debug.xcconfig */ = {isa = PBXFileReference; includeInIndex = 1; lastKnownFileType = text.xcconfig; name = "Pods-Todolist.debug.xcconfig"; path = "Target Support Files/Pods-Todolist/Pods-Todolist.debug.xcconfig"; sourceTree = "<group>"; };
		54A1BD8F93919DD013DB54B8 /* Pods-TodolistTests.release.xcconfig */ = {isa = PBXFileReference; includeInIndex = 1; lastKnownFileType = text.xcconfig; name = "Pods-TodolistTests.release.xcconfig"; path = "Target Support Files/Pods-TodolistTests/Pods-TodolistTests.release.xcconfig"; sourceTree = "<group>"; };
		5B0E20F82B91CEE500CD2631 /* Todolist.app */ = {isa = PBXFileReference; explicitFileType = wrapper.application; includeInIndex = 0; path = Todolist.app; sourceTree = BUILT_PRODUCTS_DIR; };
		5B0E20FB2B91CEE500CD2631 /* AppDelegate.swift */ = {isa = PBXFileReference; lastKnownFileType = sourcecode.swift; path = AppDelegate.swift; sourceTree = "<group>"; };
		5B0E20FD2B91CEE500CD2631 /* SceneDelegate.swift */ = {isa = PBXFileReference; lastKnownFileType = sourcecode.swift; path = SceneDelegate.swift; sourceTree = "<group>"; };
		5B0E21022B91CEE500CD2631 /* Base */ = {isa = PBXFileReference; lastKnownFileType = file.storyboard; name = Base; path = Base.lproj/Main.storyboard; sourceTree = "<group>"; };
		5B0E21052B91CEE500CD2631 /* Todolist.xcdatamodel */ = {isa = PBXFileReference; lastKnownFileType = wrapper.xcdatamodel; path = Todolist.xcdatamodel; sourceTree = "<group>"; };
		5B0E21072B91CEE800CD2631 /* Assets.xcassets */ = {isa = PBXFileReference; lastKnownFileType = folder.assetcatalog; path = Assets.xcassets; sourceTree = "<group>"; };
		5B0E210A2B91CEE800CD2631 /* Base */ = {isa = PBXFileReference; lastKnownFileType = file.storyboard; name = Base; path = Base.lproj/LaunchScreen.storyboard; sourceTree = "<group>"; };
		5B0E210C2B91CEE800CD2631 /* Info.plist */ = {isa = PBXFileReference; lastKnownFileType = text.plist.xml; path = Info.plist; sourceTree = "<group>"; };
		5B0E21112B91CEE800CD2631 /* TodolistTests.xctest */ = {isa = PBXFileReference; explicitFileType = wrapper.cfbundle; includeInIndex = 0; path = TodolistTests.xctest; sourceTree = BUILT_PRODUCTS_DIR; };
		5B0E21152B91CEE900CD2631 /* TodolistTests.swift */ = {isa = PBXFileReference; lastKnownFileType = sourcecode.swift; path = TodolistTests.swift; sourceTree = "<group>"; };
		5B0E211B2B91CEE900CD2631 /* TodolistUITests.xctest */ = {isa = PBXFileReference; explicitFileType = wrapper.cfbundle; includeInIndex = 0; path = TodolistUITests.xctest; sourceTree = BUILT_PRODUCTS_DIR; };
		5B0E211F2B91CEE900CD2631 /* TodolistUITests.swift */ = {isa = PBXFileReference; lastKnownFileType = sourcecode.swift; path = TodolistUITests.swift; sourceTree = "<group>"; };
		5B0E21212B91CEE900CD2631 /* TodolistUITestsLaunchTests.swift */ = {isa = PBXFileReference; lastKnownFileType = sourcecode.swift; path = TodolistUITestsLaunchTests.swift; sourceTree = "<group>"; };
		5B0E213C2B91E00E00CD2631 /* Helper.swift */ = {isa = PBXFileReference; lastKnownFileType = sourcecode.swift; path = Helper.swift; sourceTree = "<group>"; };
		5B0E21402B91E9EB00CD2631 /* OnboadindimgCell.swift */ = {isa = PBXFileReference; lastKnownFileType = sourcecode.swift; path = OnboadindimgCell.swift; sourceTree = "<group>"; };
		5B0E21412B91E9EB00CD2631 /* OnboadindimgCell.xib */ = {isa = PBXFileReference; lastKnownFileType = file.xib; path = OnboadindimgCell.xib; sourceTree = "<group>"; };
		5B0E21442B91EBE000CD2631 /* SplashScreenVC.swift */ = {isa = PBXFileReference; lastKnownFileType = sourcecode.swift; path = SplashScreenVC.swift; sourceTree = "<group>"; };
		5B0E21462B91EC2700CD2631 /* OnboadingVC.swift */ = {isa = PBXFileReference; lastKnownFileType = sourcecode.swift; path = OnboadingVC.swift; sourceTree = "<group>"; };
		5B0E21482B91ED3500CD2631 /* Model.swift */ = {isa = PBXFileReference; lastKnownFileType = sourcecode.swift; path = Model.swift; sourceTree = "<group>"; };
		5B168BC02BA04F6E00C0DF0A /* SettingVC.swift */ = {isa = PBXFileReference; lastKnownFileType = sourcecode.swift; path = SettingVC.swift; sourceTree = "<group>"; };
		5B1E41502B99987E00785D67 /* Tabbar.swift */ = {isa = PBXFileReference; lastKnownFileType = sourcecode.swift; path = Tabbar.swift; sourceTree = "<group>"; };
		5B859FE32B9F360700AB394D /* CompletedTaskVC.swift */ = {isa = PBXFileReference; lastKnownFileType = sourcecode.swift; path = CompletedTaskVC.swift; sourceTree = "<group>"; };
		5B8A3B7E2B98764F00B971A7 /* Color.xcassets */ = {isa = PBXFileReference; lastKnownFileType = folder.assetcatalog; path = Color.xcassets; sourceTree = "<group>"; };
		5B8A3B802B9876BC00B971A7 /* Login.storyboard */ = {isa = PBXFileReference; lastKnownFileType = file.storyboard; path = Login.storyboard; sourceTree = "<group>"; };
		5B8A3BBE2B9993F000B971A7 /* LoginVC.swift */ = {isa = PBXFileReference; lastKnownFileType = sourcecode.swift; path = LoginVC.swift; sourceTree = "<group>"; };
		5B8A3BC02B99941E00B971A7 /* RegisterVC.swift */ = {isa = PBXFileReference; lastKnownFileType = sourcecode.swift; path = RegisterVC.swift; sourceTree = "<group>"; };
		5B8A3BC22B99944200B971A7 /* Tabbar.storyboard */ = {isa = PBXFileReference; lastKnownFileType = file.storyboard; path = Tabbar.storyboard; sourceTree = "<group>"; };
		5B8A3BC42B99945400B971A7 /* HomeVC.swift */ = {isa = PBXFileReference; lastKnownFileType = sourcecode.swift; path = HomeVC.swift; sourceTree = "<group>"; };
		5BAA3BC82B9AEB1D0078A4DD /* HomeTaskCell.swift */ = {isa = PBXFileReference; lastKnownFileType = sourcecode.swift; path = HomeTaskCell.swift; sourceTree = "<group>"; };
		5BAA3BC92B9AEB1D0078A4DD /* HomeTaskCell.xib */ = {isa = PBXFileReference; lastKnownFileType = file.xib; path = HomeTaskCell.xib; sourceTree = "<group>"; };
		5BAA3BCC2B9AFB0C0078A4DD /* TodolistDataModel.swift */ = {isa = PBXFileReference; lastKnownFileType = sourcecode.swift; path = TodolistDataModel.swift; sourceTree = "<group>"; };
		5BBD143F2B9E3171000A61D4 /* extection.swift */ = {isa = PBXFileReference; lastKnownFileType = sourcecode.swift; path = extection.swift; sourceTree = "<group>"; };
		5BC83F772B9A47C300761166 /* DatePickerpopUp.swift */ = {isa = PBXFileReference; lastKnownFileType = sourcecode.swift; path = DatePickerpopUp.swift; sourceTree = "<group>"; };
		5BC83F792B9ACEFA00761166 /* TimepickerPopup.swift */ = {isa = PBXFileReference; lastKnownFileType = sourcecode.swift; path = TimepickerPopup.swift; sourceTree = "<group>"; };
		5BCAE99A2B99B2D100D5CEB0 /* AddTaskPopup.swift */ = {isa = PBXFileReference; lastKnownFileType = sourcecode.swift; path = AddTaskPopup.swift; sourceTree = "<group>"; };
		5BCAE99E2B9A3A2C00D5CEB0 /* WelcomeVC.swift */ = {isa = PBXFileReference; lastKnownFileType = sourcecode.swift; path = WelcomeVC.swift; sourceTree = "<group>"; };
		5BCFCD712B9ED18F00D96197 /* TaskEditVC.swift */ = {isa = PBXFileReference; lastKnownFileType = sourcecode.swift; path = TaskEditVC.swift; sourceTree = "<group>"; };
		5BD35FC82B9AE6C60075F376 /* ChooseCategory.swift */ = {isa = PBXFileReference; lastKnownFileType = sourcecode.swift; path = ChooseCategory.swift; sourceTree = "<group>"; };
		5BD503E82B9ED67C0079DB32 /* EditTask.storyboard */ = {isa = PBXFileReference; lastKnownFileType = file.storyboard; path = EditTask.storyboard; sourceTree = "<group>"; };
		5BD503EA2B9EE07C0079DB32 /* TaskedittitleVC.swift */ = {isa = PBXFileReference; lastKnownFileType = sourcecode.swift; path = TaskedittitleVC.swift; sourceTree = "<group>"; };
		5E17088236E725D9764BEAD9 /* Pods_TodolistTests.framework */ = {isa = PBXFileReference; explicitFileType = wrapper.framework; includeInIndex = 0; path = Pods_TodolistTests.framework; sourceTree = BUILT_PRODUCTS_DIR; };
		852C55771201E7CF8A74A80D /* Pods_Todolist_TodolistUITests.framework */ = {isa = PBXFileReference; explicitFileType = wrapper.framework; includeInIndex = 0; path = Pods_Todolist_TodolistUITests.framework; sourceTree = BUILT_PRODUCTS_DIR; };
		C4C024C77B56A62C568069FA /* Pods_Todolist.framework */ = {isa = PBXFileReference; explicitFileType = wrapper.framework; includeInIndex = 0; path = Pods_Todolist.framework; sourceTree = BUILT_PRODUCTS_DIR; };
		EF17836A1C458813B5136B87 /* Pods-Todolist-TodolistUITests.debug.xcconfig */ = {isa = PBXFileReference; includeInIndex = 1; lastKnownFileType = text.xcconfig; name = "Pods-Todolist-TodolistUITests.debug.xcconfig"; path = "Target Support Files/Pods-Todolist-TodolistUITests/Pods-Todolist-TodolistUITests.debug.xcconfig"; sourceTree = "<group>"; };
/* End PBXFileReference section */

/* Begin PBXFrameworksBuildPhase section */
		5B0E20F52B91CEE500CD2631 /* Frameworks */ = {
			isa = PBXFrameworksBuildPhase;
			buildActionMask = 2147483647;
			files = (
				4E012759299D4326F49148C1 /* Pods_Todolist.framework in Frameworks */,
			);
			runOnlyForDeploymentPostprocessing = 0;
		};
		5B0E210E2B91CEE800CD2631 /* Frameworks */ = {
			isa = PBXFrameworksBuildPhase;
			buildActionMask = 2147483647;
			files = (
				2EDD724925FE255FB64B52A2 /* Pods_TodolistTests.framework in Frameworks */,
			);
			runOnlyForDeploymentPostprocessing = 0;
		};
		5B0E21182B91CEE900CD2631 /* Frameworks */ = {
			isa = PBXFrameworksBuildPhase;
			buildActionMask = 2147483647;
			files = (
				3A7AE55641D7E03CABDD8074 /* Pods_Todolist_TodolistUITests.framework in Frameworks */,
			);
			runOnlyForDeploymentPostprocessing = 0;
		};
/* End PBXFrameworksBuildPhase section */

/* Begin PBXGroup section */
		5B0E20EF2B91CEE500CD2631 = {
			isa = PBXGroup;
			children = (
				5B0E20FA2B91CEE500CD2631 /* Todolist */,
				5B0E21142B91CEE900CD2631 /* TodolistTests */,
				5B0E211E2B91CEE900CD2631 /* TodolistUITests */,
				5B0E20F92B91CEE500CD2631 /* Products */,
				D6260B8979D1F98388FC13DE /* Pods */,
				801D9D7F19FBC61E55450C2D /* Frameworks */,
			);
			sourceTree = "<group>";
		};
		5B0E20F92B91CEE500CD2631 /* Products */ = {
			isa = PBXGroup;
			children = (
				5B0E20F82B91CEE500CD2631 /* Todolist.app */,
				5B0E21112B91CEE800CD2631 /* TodolistTests.xctest */,
				5B0E211B2B91CEE900CD2631 /* TodolistUITests.xctest */,
			);
			name = Products;
			sourceTree = "<group>";
		};
		5B0E20FA2B91CEE500CD2631 /* Todolist */ = {
			isa = PBXGroup;
			children = (
				5B0E212E2B91D62B00CD2631 /* System */,
				5B0E210C2B91CEE800CD2631 /* Info.plist */,
				5B0E21042B91CEE500CD2631 /* Todolist.xcdatamodeld */,
				5BAA3BCC2B9AFB0C0078A4DD /* TodolistDataModel.swift */,
			);
			path = Todolist;
			sourceTree = "<group>";
		};
		5B0E21142B91CEE900CD2631 /* TodolistTests */ = {
			isa = PBXGroup;
			children = (
				5B0E21152B91CEE900CD2631 /* TodolistTests.swift */,
			);
			path = TodolistTests;
			sourceTree = "<group>";
		};
		5B0E211E2B91CEE900CD2631 /* TodolistUITests */ = {
			isa = PBXGroup;
			children = (
				5B0E211F2B91CEE900CD2631 /* TodolistUITests.swift */,
				5B0E21212B91CEE900CD2631 /* TodolistUITestsLaunchTests.swift */,
			);
			path = TodolistUITests;
			sourceTree = "<group>";
		};
		5B0E212E2B91D62B00CD2631 /* System */ = {
			isa = PBXGroup;
			children = (
				5B0E21392B91D7D100CD2631 /* Helper */,
				5B0E213B2B91D7DA00CD2631 /* Extenstion */,
				5B0E21302B91D6A800CD2631 /* Model */,
				5B0E21322B91D6B500CD2631 /* View */,
				5B0E21342B91D6C100CD2631 /* Controller */,
				5B0E212F2B91D67200CD2631 /* Delegate */,
				5B0E21352B91D75500CD2631 /* Assets */,
			);
			path = System;
			sourceTree = "<group>";
		};
		5B0E212F2B91D67200CD2631 /* Delegate */ = {
			isa = PBXGroup;
			children = (
				5B0E20FB2B91CEE500CD2631 /* AppDelegate.swift */,
				5B0E20FD2B91CEE500CD2631 /* SceneDelegate.swift */,
			);
			path = Delegate;
			sourceTree = "<group>";
		};
		5B0E21302B91D6A800CD2631 /* Model */ = {
			isa = PBXGroup;
			children = (
				5B0E21482B91ED3500CD2631 /* Model.swift */,
			);
			path = Model;
			sourceTree = "<group>";
		};
		5B0E21322B91D6B500CD2631 /* View */ = {
			isa = PBXGroup;
			children = (
				5B0E21012B91CEE500CD2631 /* Main.storyboard */,
				5B8A3BC22B99944200B971A7 /* Tabbar.storyboard */,
				5B8A3B802B9876BC00B971A7 /* Login.storyboard */,
				5BD503E82B9ED67C0079DB32 /* EditTask.storyboard */,
				5B0E21092B91CEE800CD2631 /* LaunchScreen.storyboard */,
				5B0E213E2B91E98C00CD2631 /* XIB */,
			);
			path = View;
			sourceTree = "<group>";
		};
		5B0E21342B91D6C100CD2631 /* Controller */ = {
			isa = PBXGroup;
			children = (
				5BCFCD702B9ED14B00D96197 /* EditTask */,
				5BCAE9A52B9A3AEA00D5CEB0 /* PopUp */,
				5BCAE9A42B9A3AD500D5CEB0 /* Tabbar */,
				5BCAE9A22B9A3ABC00D5CEB0 /* Login */,
				5BCAE99C2B9A39FD00D5CEB0 /* Main */,
			);
			path = Controller;
			sourceTree = "<group>";
		};
		5B0E21352B91D75500CD2631 /* Assets */ = {
			isa = PBXGroup;
			children = (
				5B0E21072B91CEE800CD2631 /* Assets.xcassets */,
				5B8A3B7E2B98764F00B971A7 /* Color.xcassets */,
			);
			path = Assets;
			sourceTree = "<group>";
		};
		5B0E21392B91D7D100CD2631 /* Helper */ = {
			isa = PBXGroup;
			children = (
				5B0E213C2B91E00E00CD2631 /* Helper.swift */,
			);
			path = Helper;
			sourceTree = "<group>";
		};
		5B0E213B2B91D7DA00CD2631 /* Extenstion */ = {
			isa = PBXGroup;
			children = (
				5BBD143F2B9E3171000A61D4 /* extection.swift */,
			);
			path = Extenstion;
			sourceTree = "<group>";
		};
		5B0E213E2B91E98C00CD2631 /* XIB */ = {
			isa = PBXGroup;
			children = (
				5BAA3BC72B9AEAEA0078A4DD /* Table Cell */,
				5B0E213F2B91E99500CD2631 /* Colletion Cell */,
			);
			path = XIB;
			sourceTree = "<group>";
		};
		5B0E213F2B91E99500CD2631 /* Colletion Cell */ = {
			isa = PBXGroup;
			children = (
				5B0E21402B91E9EB00CD2631 /* OnboadindimgCell.swift */,
				5B0E21412B91E9EB00CD2631 /* OnboadindimgCell.xib */,
			);
			path = "Colletion Cell";
			sourceTree = "<group>";
		};
		5BAA3BC72B9AEAEA0078A4DD /* Table Cell */ = {
			isa = PBXGroup;
			children = (
				5BAA3BC82B9AEB1D0078A4DD /* HomeTaskCell.swift */,
				5BAA3BC92B9AEB1D0078A4DD /* HomeTaskCell.xib */,
			);
			path = "Table Cell";
			sourceTree = "<group>";
		};
		5BCAE99C2B9A39FD00D5CEB0 /* Main */ = {
			isa = PBXGroup;
			children = (
				5B0E21462B91EC2700CD2631 /* OnboadingVC.swift */,
				5BCAE99E2B9A3A2C00D5CEB0 /* WelcomeVC.swift */,
				5B0E21442B91EBE000CD2631 /* SplashScreenVC.swift */,
			);
			path = Main;
			sourceTree = "<group>";
		};
		5BCAE9A22B9A3ABC00D5CEB0 /* Login */ = {
			isa = PBXGroup;
			children = (
				5B8A3BC02B99941E00B971A7 /* RegisterVC.swift */,
				5B8A3BBE2B9993F000B971A7 /* LoginVC.swift */,
			);
			path = Login;
			sourceTree = "<group>";
		};
		5BCAE9A42B9A3AD500D5CEB0 /* Tabbar */ = {
			isa = PBXGroup;
			children = (
				5B8A3BC42B99945400B971A7 /* HomeVC.swift */,
				5B1E41502B99987E00785D67 /* Tabbar.swift */,
				5B859FE32B9F360700AB394D /* CompletedTaskVC.swift */,
				5B168BC02BA04F6E00C0DF0A /* SettingVC.swift */,
			);
			path = Tabbar;
			sourceTree = "<group>";
		};
		5BCAE9A52B9A3AEA00D5CEB0 /* PopUp */ = {
			isa = PBXGroup;
			children = (
				5BCAE99A2B99B2D100D5CEB0 /* AddTaskPopup.swift */,
				5BC83F792B9ACEFA00761166 /* TimepickerPopup.swift */,
				5BC83F772B9A47C300761166 /* DatePickerpopUp.swift */,
				5BD35FC82B9AE6C60075F376 /* ChooseCategory.swift */,
				5BD503EA2B9EE07C0079DB32 /* TaskedittitleVC.swift */,
			);
			path = PopUp;
			sourceTree = "<group>";
		};
		5BCFCD702B9ED14B00D96197 /* EditTask */ = {
			isa = PBXGroup;
			children = (
				5BCFCD712B9ED18F00D96197 /* TaskEditVC.swift */,
			);
			path = EditTask;
			sourceTree = "<group>";
		};
		801D9D7F19FBC61E55450C2D /* Frameworks */ = {
			isa = PBXGroup;
			children = (
				C4C024C77B56A62C568069FA /* Pods_Todolist.framework */,
				852C55771201E7CF8A74A80D /* Pods_Todolist_TodolistUITests.framework */,
				5E17088236E725D9764BEAD9 /* Pods_TodolistTests.framework */,
			);
			name = Frameworks;
			sourceTree = "<group>";
		};
		D6260B8979D1F98388FC13DE /* Pods */ = {
			isa = PBXGroup;
			children = (
				3178ED71BF1936A111B84118 /* Pods-Todolist.debug.xcconfig */,
				033BD712F32D5197D27A8299 /* Pods-Todolist.release.xcconfig */,
				EF17836A1C458813B5136B87 /* Pods-Todolist-TodolistUITests.debug.xcconfig */,
				2BA1E077A08B413370196993 /* Pods-Todolist-TodolistUITests.release.xcconfig */,
				158AA5D55E193DCB5417109F /* Pods-TodolistTests.debug.xcconfig */,
				54A1BD8F93919DD013DB54B8 /* Pods-TodolistTests.release.xcconfig */,
			);
			path = Pods;
			sourceTree = "<group>";
		};
/* End PBXGroup section */

/* Begin PBXNativeTarget section */
		5B0E20F72B91CEE500CD2631 /* Todolist */ = {
			isa = PBXNativeTarget;
			buildConfigurationList = 5B0E21252B91CEE900CD2631 /* Build configuration list for PBXNativeTarget "Todolist" */;
			buildPhases = (
				CAAEBF1AFFF0010E73D2E253 /* [CP] Check Pods Manifest.lock */,
				5B0E20F42B91CEE500CD2631 /* Sources */,
				5B0E20F52B91CEE500CD2631 /* Frameworks */,
				5B0E20F62B91CEE500CD2631 /* Resources */,
			);
			buildRules = (
			);
			dependencies = (
			);
			name = Todolist;
			productName = Todolist;
			productReference = 5B0E20F82B91CEE500CD2631 /* Todolist.app */;
			productType = "com.apple.product-type.application";
		};
		5B0E21102B91CEE800CD2631 /* TodolistTests */ = {
			isa = PBXNativeTarget;
			buildConfigurationList = 5B0E21282B91CEE900CD2631 /* Build configuration list for PBXNativeTarget "TodolistTests" */;
			buildPhases = (
				D116189708A7A1C36381CA22 /* [CP] Check Pods Manifest.lock */,
				5B0E210D2B91CEE800CD2631 /* Sources */,
				5B0E210E2B91CEE800CD2631 /* Frameworks */,
				5B0E210F2B91CEE800CD2631 /* Resources */,
			);
			buildRules = (
			);
			dependencies = (
				5B0E21132B91CEE800CD2631 /* PBXTargetDependency */,
			);
			name = TodolistTests;
			productName = TodolistTests;
			productReference = 5B0E21112B91CEE800CD2631 /* TodolistTests.xctest */;
			productType = "com.apple.product-type.bundle.unit-test";
		};
		5B0E211A2B91CEE900CD2631 /* TodolistUITests */ = {
			isa = PBXNativeTarget;
			buildConfigurationList = 5B0E212B2B91CEE900CD2631 /* Build configuration list for PBXNativeTarget "TodolistUITests" */;
			buildPhases = (
				C7FBEA21787981EE91CC6317 /* [CP] Check Pods Manifest.lock */,
				5B0E21172B91CEE900CD2631 /* Sources */,
				5B0E21182B91CEE900CD2631 /* Frameworks */,
				5B0E21192B91CEE900CD2631 /* Resources */,
			);
			buildRules = (
			);
			dependencies = (
				5B0E211D2B91CEE900CD2631 /* PBXTargetDependency */,
			);
			name = TodolistUITests;
			productName = TodolistUITests;
			productReference = 5B0E211B2B91CEE900CD2631 /* TodolistUITests.xctest */;
			productType = "com.apple.product-type.bundle.ui-testing";
		};
/* End PBXNativeTarget section */

/* Begin PBXProject section */
		5B0E20F02B91CEE500CD2631 /* Project object */ = {
			isa = PBXProject;
			attributes = {
				BuildIndependentTargetsInParallel = 1;
				LastSwiftUpdateCheck = 1520;
				LastUpgradeCheck = 1520;
				TargetAttributes = {
					5B0E20F72B91CEE500CD2631 = {
						CreatedOnToolsVersion = 15.2;
					};
					5B0E21102B91CEE800CD2631 = {
						CreatedOnToolsVersion = 15.2;
						TestTargetID = 5B0E20F72B91CEE500CD2631;
					};
					5B0E211A2B91CEE900CD2631 = {
						CreatedOnToolsVersion = 15.2;
						TestTargetID = 5B0E20F72B91CEE500CD2631;
					};
				};
			};
			buildConfigurationList = 5B0E20F32B91CEE500CD2631 /* Build configuration list for PBXProject "Todolist" */;
			compatibilityVersion = "Xcode 14.0";
			developmentRegion = en;
			hasScannedForEncodings = 0;
			knownRegions = (
				en,
				Base,
			);
			mainGroup = 5B0E20EF2B91CEE500CD2631;
			productRefGroup = 5B0E20F92B91CEE500CD2631 /* Products */;
			projectDirPath = "";
			projectRoot = "";
			targets = (
				5B0E20F72B91CEE500CD2631 /* Todolist */,
				5B0E21102B91CEE800CD2631 /* TodolistTests */,
				5B0E211A2B91CEE900CD2631 /* TodolistUITests */,
			);
		};
/* End PBXProject section */

/* Begin PBXResourcesBuildPhase section */
		5B0E20F62B91CEE500CD2631 /* Resources */ = {
			isa = PBXResourcesBuildPhase;
			buildActionMask = 2147483647;
			files = (
				5B8A3BC32B99944200B971A7 /* Tabbar.storyboard in Resources */,
				5B0E21432B91E9EB00CD2631 /* OnboadindimgCell.xib in Resources */,
				5B0E210B2B91CEE800CD2631 /* LaunchScreen.storyboard in Resources */,
				5B8A3B812B9876BC00B971A7 /* Login.storyboard in Resources */,
				5B8A3B7F2B98764F00B971A7 /* Color.xcassets in Resources */,
				5BAA3BCB2B9AEB1D0078A4DD /* HomeTaskCell.xib in Resources */,
				5BD503E92B9ED67C0079DB32 /* EditTask.storyboard in Resources */,
				5B0E21082B91CEE800CD2631 /* Assets.xcassets in Resources */,
				5B0E21032B91CEE500CD2631 /* Main.storyboard in Resources */,
			);
			runOnlyForDeploymentPostprocessing = 0;
		};
		5B0E210F2B91CEE800CD2631 /* Resources */ = {
			isa = PBXResourcesBuildPhase;
			buildActionMask = 2147483647;
			files = (
			);
			runOnlyForDeploymentPostprocessing = 0;
		};
		5B0E21192B91CEE900CD2631 /* Resources */ = {
			isa = PBXResourcesBuildPhase;
			buildActionMask = 2147483647;
			files = (
			);
			runOnlyForDeploymentPostprocessing = 0;
		};
/* End PBXResourcesBuildPhase section */

/* Begin PBXShellScriptBuildPhase section */
		C7FBEA21787981EE91CC6317 /* [CP] Check Pods Manifest.lock */ = {
			isa = PBXShellScriptBuildPhase;
			buildActionMask = 2147483647;
			files = (
			);
			inputFileListPaths = (
			);
			inputPaths = (
				"${PODS_PODFILE_DIR_PATH}/Podfile.lock",
				"${PODS_ROOT}/Manifest.lock",
			);
			name = "[CP] Check Pods Manifest.lock";
			outputFileListPaths = (
			);
			outputPaths = (
				"$(DERIVED_FILE_DIR)/Pods-Todolist-TodolistUITests-checkManifestLockResult.txt",
			);
			runOnlyForDeploymentPostprocessing = 0;
			shellPath = /bin/sh;
			shellScript = "diff \"${PODS_PODFILE_DIR_PATH}/Podfile.lock\" \"${PODS_ROOT}/Manifest.lock\" > /dev/null\nif [ $? != 0 ] ; then\n    # print error to STDERR\n    echo \"error: The sandbox is not in sync with the Podfile.lock. Run 'pod install' or update your CocoaPods installation.\" >&2\n    exit 1\nfi\n# This output is used by Xcode 'outputs' to avoid re-running this script phase.\necho \"SUCCESS\" > \"${SCRIPT_OUTPUT_FILE_0}\"\n";
			showEnvVarsInLog = 0;
		};
		CAAEBF1AFFF0010E73D2E253 /* [CP] Check Pods Manifest.lock */ = {
			isa = PBXShellScriptBuildPhase;
			buildActionMask = 2147483647;
			files = (
			);
			inputFileListPaths = (
			);
			inputPaths = (
				"${PODS_PODFILE_DIR_PATH}/Podfile.lock",
				"${PODS_ROOT}/Manifest.lock",
			);
			name = "[CP] Check Pods Manifest.lock";
			outputFileListPaths = (
			);
			outputPaths = (
				"$(DERIVED_FILE_DIR)/Pods-Todolist-checkManifestLockResult.txt",
			);
			runOnlyForDeploymentPostprocessing = 0;
			shellPath = /bin/sh;
			shellScript = "diff \"${PODS_PODFILE_DIR_PATH}/Podfile.lock\" \"${PODS_ROOT}/Manifest.lock\" > /dev/null\nif [ $? != 0 ] ; then\n    # print error to STDERR\n    echo \"error: The sandbox is not in sync with the Podfile.lock. Run 'pod install' or update your CocoaPods installation.\" >&2\n    exit 1\nfi\n# This output is used by Xcode 'outputs' to avoid re-running this script phase.\necho \"SUCCESS\" > \"${SCRIPT_OUTPUT_FILE_0}\"\n";
			showEnvVarsInLog = 0;
		};
		D116189708A7A1C36381CA22 /* [CP] Check Pods Manifest.lock */ = {
			isa = PBXShellScriptBuildPhase;
			buildActionMask = 2147483647;
			files = (
			);
			inputFileListPaths = (
			);
			inputPaths = (
				"${PODS_PODFILE_DIR_PATH}/Podfile.lock",
				"${PODS_ROOT}/Manifest.lock",
			);
			name = "[CP] Check Pods Manifest.lock";
			outputFileListPaths = (
			);
			outputPaths = (
				"$(DERIVED_FILE_DIR)/Pods-TodolistTests-checkManifestLockResult.txt",
			);
			runOnlyForDeploymentPostprocessing = 0;
			shellPath = /bin/sh;
			shellScript = "diff \"${PODS_PODFILE_DIR_PATH}/Podfile.lock\" \"${PODS_ROOT}/Manifest.lock\" > /dev/null\nif [ $? != 0 ] ; then\n    # print error to STDERR\n    echo \"error: The sandbox is not in sync with the Podfile.lock. Run 'pod install' or update your CocoaPods installation.\" >&2\n    exit 1\nfi\n# This output is used by Xcode 'outputs' to avoid re-running this script phase.\necho \"SUCCESS\" > \"${SCRIPT_OUTPUT_FILE_0}\"\n";
			showEnvVarsInLog = 0;
		};
/* End PBXShellScriptBuildPhase section */

/* Begin PBXSourcesBuildPhase section */
		5B0E20F42B91CEE500CD2631 /* Sources */ = {
			isa = PBXSourcesBuildPhase;
			buildActionMask = 2147483647;
			files = (
				5B0E20FC2B91CEE500CD2631 /* AppDelegate.swift in Sources */,
				5B168BC12BA04F6E00C0DF0A /* SettingVC.swift in Sources */,
				5BAA3BCA2B9AEB1D0078A4DD /* HomeTaskCell.swift in Sources */,
				5BC83F7A2B9ACEFA00761166 /* TimepickerPopup.swift in Sources */,
				5B0E21422B91E9EB00CD2631 /* OnboadindimgCell.swift in Sources */,
				5B0E20FE2B91CEE500CD2631 /* SceneDelegate.swift in Sources */,
				5BBD14402B9E3171000A61D4 /* extection.swift in Sources */,
				5BD503EB2B9EE07C0079DB32 /* TaskedittitleVC.swift in Sources */,
				5BCAE99B2B99B2D100D5CEB0 /* AddTaskPopup.swift in Sources */,
				5B1E41512B99987E00785D67 /* Tabbar.swift in Sources */,
				5BCAE99F2B9A3A2C00D5CEB0 /* WelcomeVC.swift in Sources */,
				5B0E21452B91EBE000CD2631 /* SplashScreenVC.swift in Sources */,
				5B0E21472B91EC2800CD2631 /* OnboadingVC.swift in Sources */,
				5B8A3BBF2B9993F000B971A7 /* LoginVC.swift in Sources */,
				5BC83F782B9A47C300761166 /* DatePickerpopUp.swift in Sources */,
				5BCFCD722B9ED18F00D96197 /* TaskEditVC.swift in Sources */,
				5B859FE42B9F360700AB394D /* CompletedTaskVC.swift in Sources */,
				5B0E21062B91CEE500CD2631 /* Todolist.xcdatamodeld in Sources */,
				5B0E213D2B91E00E00CD2631 /* Helper.swift in Sources */,
				5B0E21492B91ED3500CD2631 /* Model.swift in Sources */,
				5B8A3BC52B99945400B971A7 /* HomeVC.swift in Sources */,
				5BD35FC92B9AE6C60075F376 /* ChooseCategory.swift in Sources */,
				5B8A3BC12B99941E00B971A7 /* RegisterVC.swift in Sources */,
				5BAA3BCD2B9AFB0D0078A4DD /* TodolistDataModel.swift in Sources */,
			);
			runOnlyForDeploymentPostprocessing = 0;
		};
		5B0E210D2B91CEE800CD2631 /* Sources */ = {
			isa = PBXSourcesBuildPhase;
			buildActionMask = 2147483647;
			files = (
				5B0E21162B91CEE900CD2631 /* TodolistTests.swift in Sources */,
			);
			runOnlyForDeploymentPostprocessing = 0;
		};
		5B0E21172B91CEE900CD2631 /* Sources */ = {
			isa = PBXSourcesBuildPhase;
			buildActionMask = 2147483647;
			files = (
				5B0E21222B91CEE900CD2631 /* TodolistUITestsLaunchTests.swift in Sources */,
				5B0E21202B91CEE900CD2631 /* TodolistUITests.swift in Sources */,
			);
			runOnlyForDeploymentPostprocessing = 0;
		};
/* End PBXSourcesBuildPhase section */

/* Begin PBXTargetDependency section */
		5B0E21132B91CEE800CD2631 /* PBXTargetDependency */ = {
			isa = PBXTargetDependency;
			target = 5B0E20F72B91CEE500CD2631 /* Todolist */;
			targetProxy = 5B0E21122B91CEE800CD2631 /* PBXContainerItemProxy */;
		};
		5B0E211D2B91CEE900CD2631 /* PBXTargetDependency */ = {
			isa = PBXTargetDependency;
			target = 5B0E20F72B91CEE500CD2631 /* Todolist */;
			targetProxy = 5B0E211C2B91CEE900CD2631 /* PBXContainerItemProxy */;
		};
/* End PBXTargetDependency section */

/* Begin PBXVariantGroup section */
		5B0E21012B91CEE500CD2631 /* Main.storyboard */ = {
			isa = PBXVariantGroup;
			children = (
				5B0E21022B91CEE500CD2631 /* Base */,
			);
			name = Main.storyboard;
			sourceTree = "<group>";
		};
		5B0E21092B91CEE800CD2631 /* LaunchScreen.storyboard */ = {
			isa = PBXVariantGroup;
			children = (
				5B0E210A2B91CEE800CD2631 /* Base */,
			);
			name = LaunchScreen.storyboard;
			sourceTree = "<group>";
		};
/* End PBXVariantGroup section */

/* Begin XCBuildConfiguration section */
		5B0E21232B91CEE900CD2631 /* Debug */ = {
			isa = XCBuildConfiguration;
			buildSettings = {
				ALWAYS_SEARCH_USER_PATHS = NO;
				ASSETCATALOG_COMPILER_GENERATE_SWIFT_ASSET_SYMBOL_EXTENSIONS = YES;
				CLANG_ANALYZER_NONNULL = YES;
				CLANG_ANALYZER_NUMBER_OBJECT_CONVERSION = YES_AGGRESSIVE;
				CLANG_CXX_LANGUAGE_STANDARD = "gnu++20";
				CLANG_ENABLE_MODULES = YES;
				CLANG_ENABLE_OBJC_ARC = YES;
				CLANG_ENABLE_OBJC_WEAK = YES;
				CLANG_WARN_BLOCK_CAPTURE_AUTORELEASING = YES;
				CLANG_WARN_BOOL_CONVERSION = YES;
				CLANG_WARN_COMMA = YES;
				CLANG_WARN_CONSTANT_CONVERSION = YES;
				CLANG_WARN_DEPRECATED_OBJC_IMPLEMENTATIONS = YES;
				CLANG_WARN_DIRECT_OBJC_ISA_USAGE = YES_ERROR;
				CLANG_WARN_DOCUMENTATION_COMMENTS = YES;
				CLANG_WARN_EMPTY_BODY = YES;
				CLANG_WARN_ENUM_CONVERSION = YES;
				CLANG_WARN_INFINITE_RECURSION = YES;
				CLANG_WARN_INT_CONVERSION = YES;
				CLANG_WARN_NON_LITERAL_NULL_CONVERSION = YES;
				CLANG_WARN_OBJC_IMPLICIT_RETAIN_SELF = YES;
				CLANG_WARN_OBJC_LITERAL_CONVERSION = YES;
				CLANG_WARN_OBJC_ROOT_CLASS = YES_ERROR;
				CLANG_WARN_QUOTED_INCLUDE_IN_FRAMEWORK_HEADER = YES;
				CLANG_WARN_RANGE_LOOP_ANALYSIS = YES;
				CLANG_WARN_STRICT_PROTOTYPES = YES;
				CLANG_WARN_SUSPICIOUS_MOVE = YES;
				CLANG_WARN_UNGUARDED_AVAILABILITY = YES_AGGRESSIVE;
				CLANG_WARN_UNREACHABLE_CODE = YES;
				CLANG_WARN__DUPLICATE_METHOD_MATCH = YES;
				COPY_PHASE_STRIP = NO;
				DEBUG_INFORMATION_FORMAT = dwarf;
				ENABLE_STRICT_OBJC_MSGSEND = YES;
				ENABLE_TESTABILITY = YES;
				ENABLE_USER_SCRIPT_SANDBOXING = NO;
				GCC_C_LANGUAGE_STANDARD = gnu17;
				GCC_DYNAMIC_NO_PIC = NO;
				GCC_NO_COMMON_BLOCKS = YES;
				GCC_OPTIMIZATION_LEVEL = 0;
				GCC_PREPROCESSOR_DEFINITIONS = (
					"DEBUG=1",
					"$(inherited)",
				);
				GCC_WARN_64_TO_32_BIT_CONVERSION = YES;
				GCC_WARN_ABOUT_RETURN_TYPE = YES_ERROR;
				GCC_WARN_UNDECLARED_SELECTOR = YES;
				GCC_WARN_UNINITIALIZED_AUTOS = YES_AGGRESSIVE;
				GCC_WARN_UNUSED_FUNCTION = YES;
				GCC_WARN_UNUSED_VARIABLE = YES;
				IPHONEOS_DEPLOYMENT_TARGET = 17.2;
				LOCALIZATION_PREFERS_STRING_CATALOGS = YES;
				MTL_ENABLE_DEBUG_INFO = INCLUDE_SOURCE;
				MTL_FAST_MATH = YES;
				ONLY_ACTIVE_ARCH = YES;
				SDKROOT = iphoneos;
				SWIFT_ACTIVE_COMPILATION_CONDITIONS = "DEBUG $(inherited)";
				SWIFT_OPTIMIZATION_LEVEL = "-Onone";
			};
			name = Debug;
		};
		5B0E21242B91CEE900CD2631 /* Release */ = {
			isa = XCBuildConfiguration;
			buildSettings = {
				ALWAYS_SEARCH_USER_PATHS = NO;
				ASSETCATALOG_COMPILER_GENERATE_SWIFT_ASSET_SYMBOL_EXTENSIONS = YES;
				CLANG_ANALYZER_NONNULL = YES;
				CLANG_ANALYZER_NUMBER_OBJECT_CONVERSION = YES_AGGRESSIVE;
				CLANG_CXX_LANGUAGE_STANDARD = "gnu++20";
				CLANG_ENABLE_MODULES = YES;
				CLANG_ENABLE_OBJC_ARC = YES;
				CLANG_ENABLE_OBJC_WEAK = YES;
				CLANG_WARN_BLOCK_CAPTURE_AUTORELEASING = YES;
				CLANG_WARN_BOOL_CONVERSION = YES;
				CLANG_WARN_COMMA = YES;
				CLANG_WARN_CONSTANT_CONVERSION = YES;
				CLANG_WARN_DEPRECATED_OBJC_IMPLEMENTATIONS = YES;
				CLANG_WARN_DIRECT_OBJC_ISA_USAGE = YES_ERROR;
				CLANG_WARN_DOCUMENTATION_COMMENTS = YES;
				CLANG_WARN_EMPTY_BODY = YES;
				CLANG_WARN_ENUM_CONVERSION = YES;
				CLANG_WARN_INFINITE_RECURSION = YES;
				CLANG_WARN_INT_CONVERSION = YES;
				CLANG_WARN_NON_LITERAL_NULL_CONVERSION = YES;
				CLANG_WARN_OBJC_IMPLICIT_RETAIN_SELF = YES;
				CLANG_WARN_OBJC_LITERAL_CONVERSION = YES;
				CLANG_WARN_OBJC_ROOT_CLASS = YES_ERROR;
				CLANG_WARN_QUOTED_INCLUDE_IN_FRAMEWORK_HEADER = YES;
				CLANG_WARN_RANGE_LOOP_ANALYSIS = YES;
				CLANG_WARN_STRICT_PROTOTYPES = YES;
				CLANG_WARN_SUSPICIOUS_MOVE = YES;
				CLANG_WARN_UNGUARDED_AVAILABILITY = YES_AGGRESSIVE;
				CLANG_WARN_UNREACHABLE_CODE = YES;
				CLANG_WARN__DUPLICATE_METHOD_MATCH = YES;
				COPY_PHASE_STRIP = NO;
				DEBUG_INFORMATION_FORMAT = "dwarf-with-dsym";
				ENABLE_NS_ASSERTIONS = NO;
				ENABLE_STRICT_OBJC_MSGSEND = YES;
				ENABLE_USER_SCRIPT_SANDBOXING = NO;
				GCC_C_LANGUAGE_STANDARD = gnu17;
				GCC_NO_COMMON_BLOCKS = YES;
				GCC_WARN_64_TO_32_BIT_CONVERSION = YES;
				GCC_WARN_ABOUT_RETURN_TYPE = YES_ERROR;
				GCC_WARN_UNDECLARED_SELECTOR = YES;
				GCC_WARN_UNINITIALIZED_AUTOS = YES_AGGRESSIVE;
				GCC_WARN_UNUSED_FUNCTION = YES;
				GCC_WARN_UNUSED_VARIABLE = YES;
				IPHONEOS_DEPLOYMENT_TARGET = 17.2;
				LOCALIZATION_PREFERS_STRING_CATALOGS = YES;
				MTL_ENABLE_DEBUG_INFO = NO;
				MTL_FAST_MATH = YES;
				SDKROOT = iphoneos;
				SWIFT_COMPILATION_MODE = wholemodule;
				VALIDATE_PRODUCT = YES;
			};
			name = Release;
		};
		5B0E21262B91CEE900CD2631 /* Debug */ = {
			isa = XCBuildConfiguration;
			baseConfigurationReference = 3178ED71BF1936A111B84118 /* Pods-Todolist.debug.xcconfig */;
			buildSettings = {
				ASSETCATALOG_COMPILER_APPICON_NAME = AppIcon;
				ASSETCATALOG_COMPILER_GLOBAL_ACCENT_COLOR_NAME = AccentColor;
				CODE_SIGN_STYLE = Automatic;
				CURRENT_PROJECT_VERSION = 1;
				GENERATE_INFOPLIST_FILE = YES;
				INFOPLIST_FILE = Todolist/Info.plist;
				INFOPLIST_KEY_UIApplicationSupportsIndirectInputEvents = YES;
				INFOPLIST_KEY_UILaunchStoryboardName = LaunchScreen;
				INFOPLIST_KEY_UIMainStoryboardFile = Main;
				INFOPLIST_KEY_UISupportedInterfaceOrientations_iPad = "UIInterfaceOrientationPortrait UIInterfaceOrientationPortraitUpsideDown UIInterfaceOrientationLandscapeLeft UIInterfaceOrientationLandscapeRight";
				INFOPLIST_KEY_UISupportedInterfaceOrientations_iPhone = "UIInterfaceOrientationPortrait UIInterfaceOrientationLandscapeLeft UIInterfaceOrientationLandscapeRight";
				LD_RUNPATH_SEARCH_PATHS = (
					"$(inherited)",
					"@executable_path/Frameworks",
				);
				MARKETING_VERSION = 1.0;
				PRODUCT_BUNDLE_IDENTIFIER = com.Todolist;
				PRODUCT_NAME = "$(TARGET_NAME)";
				SWIFT_EMIT_LOC_STRINGS = YES;
				SWIFT_VERSION = 5.0;
				TARGETED_DEVICE_FAMILY = "1,2";
			};
			name = Debug;
		};
		5B0E21272B91CEE900CD2631 /* Release */ = {
			isa = XCBuildConfiguration;
			baseConfigurationReference = 033BD712F32D5197D27A8299 /* Pods-Todolist.release.xcconfig */;
			buildSettings = {
				ASSETCATALOG_COMPILER_APPICON_NAME = AppIcon;
				ASSETCATALOG_COMPILER_GLOBAL_ACCENT_COLOR_NAME = AccentColor;
				CODE_SIGN_STYLE = Automatic;
				CURRENT_PROJECT_VERSION = 1;
				GENERATE_INFOPLIST_FILE = YES;
				INFOPLIST_FILE = Todolist/Info.plist;
				INFOPLIST_KEY_UIApplicationSupportsIndirectInputEvents = YES;
				INFOPLIST_KEY_UILaunchStoryboardName = LaunchScreen;
				INFOPLIST_KEY_UIMainStoryboardFile = Main;
				INFOPLIST_KEY_UISupportedInterfaceOrientations_iPad = "UIInterfaceOrientationPortrait UIInterfaceOrientationPortraitUpsideDown UIInterfaceOrientationLandscapeLeft UIInterfaceOrientationLandscapeRight";
				INFOPLIST_KEY_UISupportedInterfaceOrientations_iPhone = "UIInterfaceOrientationPortrait UIInterfaceOrientationLandscapeLeft UIInterfaceOrientationLandscapeRight";
				LD_RUNPATH_SEARCH_PATHS = (
					"$(inherited)",
					"@executable_path/Frameworks",
				);
				MARKETING_VERSION = 1.0;
				PRODUCT_BUNDLE_IDENTIFIER = com.Todolist;
				PRODUCT_NAME = "$(TARGET_NAME)";
				SWIFT_EMIT_LOC_STRINGS = YES;
				SWIFT_VERSION = 5.0;
				TARGETED_DEVICE_FAMILY = "1,2";
			};
			name = Release;
		};
		5B0E21292B91CEE900CD2631 /* Debug */ = {
			isa = XCBuildConfiguration;
			baseConfigurationReference = 158AA5D55E193DCB5417109F /* Pods-TodolistTests.debug.xcconfig */;
			buildSettings = {
				ALWAYS_EMBED_SWIFT_STANDARD_LIBRARIES = YES;
				BUNDLE_LOADER = "$(TEST_HOST)";
				CODE_SIGN_STYLE = Automatic;
				CURRENT_PROJECT_VERSION = 1;
				GENERATE_INFOPLIST_FILE = YES;
				IPHONEOS_DEPLOYMENT_TARGET = 17.2;
				MARKETING_VERSION = 1.0;
				PRODUCT_BUNDLE_IDENTIFIER = com.TodolistTests;
				PRODUCT_NAME = "$(TARGET_NAME)";
				SWIFT_EMIT_LOC_STRINGS = NO;
				SWIFT_VERSION = 5.0;
				TARGETED_DEVICE_FAMILY = "1,2";
				TEST_HOST = "$(BUILT_PRODUCTS_DIR)/Todolist.app/$(BUNDLE_EXECUTABLE_FOLDER_PATH)/Todolist";
			};
			name = Debug;
		};
		5B0E212A2B91CEE900CD2631 /* Release */ = {
			isa = XCBuildConfiguration;
			baseConfigurationReference = 54A1BD8F93919DD013DB54B8 /* Pods-TodolistTests.release.xcconfig */;
			buildSettings = {
				ALWAYS_EMBED_SWIFT_STANDARD_LIBRARIES = YES;
				BUNDLE_LOADER = "$(TEST_HOST)";
				CODE_SIGN_STYLE = Automatic;
				CURRENT_PROJECT_VERSION = 1;
				GENERATE_INFOPLIST_FILE = YES;
				IPHONEOS_DEPLOYMENT_TARGET = 17.2;
				MARKETING_VERSION = 1.0;
				PRODUCT_BUNDLE_IDENTIFIER = com.TodolistTests;
				PRODUCT_NAME = "$(TARGET_NAME)";
				SWIFT_EMIT_LOC_STRINGS = NO;
				SWIFT_VERSION = 5.0;
				TARGETED_DEVICE_FAMILY = "1,2";
				TEST_HOST = "$(BUILT_PRODUCTS_DIR)/Todolist.app/$(BUNDLE_EXECUTABLE_FOLDER_PATH)/Todolist";
			};
			name = Release;
		};
		5B0E212C2B91CEE900CD2631 /* Debug */ = {
			isa = XCBuildConfiguration;
			baseConfigurationReference = EF17836A1C458813B5136B87 /* Pods-Todolist-TodolistUITests.debug.xcconfig */;
			buildSettings = {
				ALWAYS_EMBED_SWIFT_STANDARD_LIBRARIES = YES;
				CODE_SIGN_STYLE = Automatic;
				CURRENT_PROJECT_VERSION = 1;
				GENERATE_INFOPLIST_FILE = YES;
				MARKETING_VERSION = 1.0;
				PRODUCT_BUNDLE_IDENTIFIER = com.TodolistUITests;
				PRODUCT_NAME = "$(TARGET_NAME)";
				SWIFT_EMIT_LOC_STRINGS = NO;
				SWIFT_VERSION = 5.0;
				TARGETED_DEVICE_FAMILY = "1,2";
				TEST_TARGET_NAME = Todolist;
			};
			name = Debug;
		};
		5B0E212D2B91CEE900CD2631 /* Release */ = {
			isa = XCBuildConfiguration;
			baseConfigurationReference = 2BA1E077A08B413370196993 /* Pods-Todolist-TodolistUITests.release.xcconfig */;
			buildSettings = {
				ALWAYS_EMBED_SWIFT_STANDARD_LIBRARIES = YES;
				CODE_SIGN_STYLE = Automatic;
				CURRENT_PROJECT_VERSION = 1;
				GENERATE_INFOPLIST_FILE = YES;
				MARKETING_VERSION = 1.0;
				PRODUCT_BUNDLE_IDENTIFIER = com.TodolistUITests;
				PRODUCT_NAME = "$(TARGET_NAME)";
				SWIFT_EMIT_LOC_STRINGS = NO;
				SWIFT_VERSION = 5.0;
				TARGETED_DEVICE_FAMILY = "1,2";
				TEST_TARGET_NAME = Todolist;
			};
			name = Release;
		};
/* End XCBuildConfiguration section */

/* Begin XCConfigurationList section */
		5B0E20F32B91CEE500CD2631 /* Build configuration list for PBXProject "Todolist" */ = {
			isa = XCConfigurationList;
			buildConfigurations = (
				5B0E21232B91CEE900CD2631 /* Debug */,
				5B0E21242B91CEE900CD2631 /* Release */,
			);
			defaultConfigurationIsVisible = 0;
			defaultConfigurationName = Release;
		};
		5B0E21252B91CEE900CD2631 /* Build configuration list for PBXNativeTarget "Todolist" */ = {
			isa = XCConfigurationList;
			buildConfigurations = (
				5B0E21262B91CEE900CD2631 /* Debug */,
				5B0E21272B91CEE900CD2631 /* Release */,
			);
			defaultConfigurationIsVisible = 0;
			defaultConfigurationName = Release;
		};
		5B0E21282B91CEE900CD2631 /* Build configuration list for PBXNativeTarget "TodolistTests" */ = {
			isa = XCConfigurationList;
			buildConfigurations = (
				5B0E21292B91CEE900CD2631 /* Debug */,
				5B0E212A2B91CEE900CD2631 /* Release */,
			);
			defaultConfigurationIsVisible = 0;
			defaultConfigurationName = Release;
		};
		5B0E212B2B91CEE900CD2631 /* Build configuration list for PBXNativeTarget "TodolistUITests" */ = {
			isa = XCConfigurationList;
			buildConfigurations = (
				5B0E212C2B91CEE900CD2631 /* Debug */,
				5B0E212D2B91CEE900CD2631 /* Release */,
			);
			defaultConfigurationIsVisible = 0;
			defaultConfigurationName = Release;
		};
/* End XCConfigurationList section */

/* Begin XCVersionGroup section */
		5B0E21042B91CEE500CD2631 /* Todolist.xcdatamodeld */ = {
			isa = XCVersionGroup;
			children = (
				5B0E21052B91CEE500CD2631 /* Todolist.xcdatamodel */,
			);
			currentVersion = 5B0E21052B91CEE500CD2631 /* Todolist.xcdatamodel */;
			path = Todolist.xcdatamodeld;
			sourceTree = "<group>";
			versionGroupType = wrapper.xcdatamodel;
		};
/* End XCVersionGroup section */
	};
	rootObject = 5B0E20F02B91CEE500CD2631 /* Project object */;
}
